{
  "name": "studyclock",
  "lockfileVersion": 3,
  "requires": true,
  "packages": {
    "": {
      "dependencies": {
        "tailwind-nord": "^1.3.0"
      }
    },
    "node_modules/tailwind-nord": {
      "version": "1.3.0",
      "resolved": "https://registry.npmjs.org/tailwind-nord/-/tailwind-nord-1.3.0.tgz",
      "integrity": "sha512-F5tdTG3n9zzctAuRqjX2sdpmwSjbYC/HQdXSg/TQIxaynO1DNvnqBaE+IhmPbQIttMvvY54KiYMDXJqMdQLi1Q=="
    }
  }
}
